
Microsoft Visual Studio Solution File, Format Version 12.00
# Visual Studio 14
VisualStudioVersion = 14.0.25420.1
MinimumVisualStudioVersion = 10.0.40219.1
Project("{FAE04EC0-301F-11D3-BF4B-00C04F79EFBC}") = "Routing", "Routing\Routing.csproj", "{F4EA2ACB-8C68-42FB-BD97-D80E50003987}"
EndProject
Project("{F2A71F9B-5D33-465A-A702-920D77279786}") = "Library1", "Library1\Library1.fsproj", "{D9504474-87DF-48F2-BF74-49ED57F2CBFE}"
EndProject
Project("{FAE04EC0-301F-11D3-BF4B-00C04F79EFBC}") = "SwarmOps", "..\..\..\..\Downloads\SwarmOpsCS3_1\SwarmOps\SwarmOps\SwarmOps.csproj", "{8F45EFAA-9EAC-403F-B2B0-123F0321056E}"
EndProject
Project("{FAE04EC0-301F-11D3-BF4B-00C04F79EFBC}") = "RandomOps", "..\..\..\..\Downloads\RandomOpsCS2_1\RandomOps\RandomOps\RandomOps.csproj", "{F5DFAFED-C786-4DC3-9818-16C992DE3990}"
EndProject
Global
	GlobalSection(Performance) = preSolution
		HasPerformanceSessions = true
	EndGlobalSection
	GlobalSection(SolutionConfigurationPlatforms) = preSolution
		Debug|Any CPU = Debug|Any CPU
		Release|Any CPU = Release|Any CPU
	EndGlobalSection
	GlobalSection(ProjectConfigurationPlatforms) = postSolution
		{F4EA2ACB-8C68-42FB-BD97-D80E50003987}.Debug|Any CPU.ActiveCfg = Debug|Any CPU
		{F4EA2ACB-8C68-42FB-BD97-D80E50003987}.Debug|Any CPU.Build.0 = Debug|Any CPU
		{F4EA2ACB-8C68-42FB-BD97-D80E50003987}.Release|Any CPU.ActiveCfg = Release|Any CPU
		{F4EA2ACB-8C68-42FB-BD97-D80E50003987}.Release|Any CPU.Build.0 = Release|Any CPU
		{D9504474-87DF-48F2-BF74-49ED57F2CBFE}.Debug|Any CPU.ActiveCfg = Debug|Any CPU
		{D9504474-87DF-48F2-BF74-49ED57F2CBFE}.Debug|Any CPU.Build.0 = Debug|Any CPU
		{D9504474-87DF-48F2-BF74-49ED57F2CBFE}.Release|Any CPU.ActiveCfg = Release|Any CPU
		{D9504474-87DF-48F2-BF74-49ED57F2CBFE}.Release|Any CPU.Build.0 = Release|Any CPU
		{8F45EFAA-9EAC-403F-B2B0-123F0321056E}.Debug|Any CPU.ActiveCfg = Debug|Any CPU
		{8F45EFAA-9EAC-403F-B2B0-123F0321056E}.Debug|Any CPU.Build.0 = Debug|Any CPU
		{8F45EFAA-9EAC-403F-B2B0-123F0321056E}.Release|Any CPU.ActiveCfg = Release|Any CPU
		{8F45EFAA-9EAC-403F-B2B0-123F0321056E}.Release|Any CPU.Build.0 = Release|Any CPU
		{F5DFAFED-C786-4DC3-9818-16C992DE3990}.Debug|Any CPU.ActiveCfg = Debug|Any CPU
		{F5DFAFED-C786-4DC3-9818-16C992DE3990}.Debug|Any CPU.Build.0 = Debug|Any CPU
		{F5DFAFED-C786-4DC3-9818-16C992DE3990}.Release|Any CPU.ActiveCfg = Release|Any CPU
		{F5DFAFED-C786-4DC3-9818-16C992DE3990}.Release|Any CPU.Build.0 = Release|Any CPU
	EndGlobalSection
	GlobalSection(SolutionProperties) = preSolution
		HideSolutionNode = FALSE
	EndGlobalSection
EndGlobal
